
Microsoft Visual Studio Solution File, Format Version 12.00
# Visual Studio Version 17
VisualStudioVersion = 17.0.32112.339
MinimumVisualStudioVersion = 10.0.40219.1
Project("{8BC9CEB8-8B4A-11D0-8D11-00A0C91BC942}") = "Week15HomeWork2Task5", "Week15HomeWork2Task5.vcxproj", "{BFE86E78-CBF3-4E44-8FCF-FBD402F47DC7}"
EndProject
Global
	GlobalSection(SolutionConfigurationPlatforms) = preSolution
		Debug|x64 = Debug|x64
		Debug|x86 = Debug|x86
		Release|x64 = Release|x64
		Release|x86 = Release|x86
	EndGlobalSection
	GlobalSection(ProjectConfigurationPlatforms) = postSolution
		{BFE86E78-CBF3-4E44-8FCF-FBD402F47DC7}.Debug|x64.ActiveCfg = Debug|x64
		{BFE86E78-CBF3-4E44-8FCF-FBD402F47DC7}.Debug|x64.Build.0 = Debug|x64
		{BFE86E78-CBF3-4E44-8FCF-FBD402F47DC7}.Debug|x86.ActiveCfg = Debug|Win32
		{BFE86E78-CBF3-4E44-8FCF-FBD402F47DC7}.Debug|x86.Build.0 = Debug|Win32
		{BFE86E78-CBF3-4E44-8FCF-FBD402F47DC7}.Release|x64.ActiveCfg = Release|x64
		{BFE86E78-CBF3-4E44-8FCF-FBD402F47DC7}.Release|x64.Build.0 = Release|x64
		{BFE86E78-CBF3-4E44-8FCF-FBD402F47DC7}.Release|x86.ActiveCfg = Release|Win32
		{BFE86E78-CBF3-4E44-8FCF-FBD402F47DC7}.Release|x86.Build.0 = Release|Win32
	EndGlobalSection
	GlobalSection(SolutionProperties) = preSolution
		HideSolutionNode = FALSE
	EndGlobalSection
	GlobalSection(ExtensibilityGlobals) = postSolution
		SolutionGuid = {4489F1C4-7E62-43B2-828B-8C7AB26E6C8D}
	EndGlobalSection
EndGlobal
